
Microsoft Visual Studio Solution File, Format Version 12.00
# Visual Studio Version 17
VisualStudioVersion = 17.12.35514.174
MinimumVisualStudioVersion = 10.0.40219.1
Project("{FAE04EC0-301F-11D3-BF4B-00C04F79EFBC}") = "art-portfolio-webAPI", "art-portfolio-webAPI\art-portfolio-webAPI.csproj", "{6B010F5F-848B-41D3-82BA-C2747AD1C2A3}"
EndProject
Project("{FAE04EC0-301F-11D3-BF4B-00C04F79EFBC}") = "BLL", "BLL\BLL.csproj", "{7E4CE238-4EDE-4B2B-9922-8E23400CBA61}"
EndProject
Project("{FAE04EC0-301F-11D3-BF4B-00C04F79EFBC}") = "DAL", "DAL\DAL.csproj", "{DDF3767D-7917-4AF6-A88A-791219E624CD}"
EndProject
Global
	GlobalSection(SolutionConfigurationPlatforms) = preSolution
		Debug|Any CPU = Debug|Any CPU
		Release|Any CPU = Release|Any CPU
	EndGlobalSection
	GlobalSection(ProjectConfigurationPlatforms) = postSolution
		{6B010F5F-848B-41D3-82BA-C2747AD1C2A3}.Debug|Any CPU.ActiveCfg = Debug|Any CPU
		{6B010F5F-848B-41D3-82BA-C2747AD1C2A3}.Debug|Any CPU.Build.0 = Debug|Any CPU
		{6B010F5F-848B-41D3-82BA-C2747AD1C2A3}.Release|Any CPU.ActiveCfg = Release|Any CPU
		{6B010F5F-848B-41D3-82BA-C2747AD1C2A3}.Release|Any CPU.Build.0 = Release|Any CPU
		{7E4CE238-4EDE-4B2B-9922-8E23400CBA61}.Debug|Any CPU.ActiveCfg = Debug|Any CPU
		{7E4CE238-4EDE-4B2B-9922-8E23400CBA61}.Debug|Any CPU.Build.0 = Debug|Any CPU
		{7E4CE238-4EDE-4B2B-9922-8E23400CBA61}.Release|Any CPU.ActiveCfg = Release|Any CPU
		{7E4CE238-4EDE-4B2B-9922-8E23400CBA61}.Release|Any CPU.Build.0 = Release|Any CPU
		{DDF3767D-7917-4AF6-A88A-791219E624CD}.Debug|Any CPU.ActiveCfg = Debug|Any CPU
		{DDF3767D-7917-4AF6-A88A-791219E624CD}.Debug|Any CPU.Build.0 = Debug|Any CPU
		{DDF3767D-7917-4AF6-A88A-791219E624CD}.Release|Any CPU.ActiveCfg = Release|Any CPU
		{DDF3767D-7917-4AF6-A88A-791219E624CD}.Release|Any CPU.Build.0 = Release|Any CPU
	EndGlobalSection
	GlobalSection(SolutionProperties) = preSolution
		HideSolutionNode = FALSE
	EndGlobalSection
EndGlobal
